
Microsoft Visual Studio Solution File, Format Version 12.00
# Visual Studio Version 16
VisualStudioVersion = 16.0.30114.105
MinimumVisualStudioVersion = 10.0.40219.1
Project("{FAE04EC0-301F-11D3-BF4B-00C04F79EFBC}") = "Counter", "Counter\Counter.csproj", "{7271D8BF-B875-4D48-B0A1-50794B5963EF}"
EndProject
Project("{FAE04EC0-301F-11D3-BF4B-00C04F79EFBC}") = "Counter.Tests", "Counter.Tests\Counter.Tests.csproj", "{FC5FB5DE-F639-40DA-A5C8-C87CAE3495C3}"
EndProject
Global
	GlobalSection(SolutionConfigurationPlatforms) = preSolution
		Debug|Any CPU = Debug|Any CPU
		Debug|x64 = Debug|x64
		Debug|x86 = Debug|x86
		Release|Any CPU = Release|Any CPU
		Release|x64 = Release|x64
		Release|x86 = Release|x86
	EndGlobalSection
	GlobalSection(SolutionProperties) = preSolution
		HideSolutionNode = FALSE
	EndGlobalSection
	GlobalSection(ProjectConfigurationPlatforms) = postSolution
		{7271D8BF-B875-4D48-B0A1-50794B5963EF}.Debug|Any CPU.ActiveCfg = Debug|Any CPU
		{7271D8BF-B875-4D48-B0A1-50794B5963EF}.Debug|Any CPU.Build.0 = Debug|Any CPU
		{7271D8BF-B875-4D48-B0A1-50794B5963EF}.Debug|x64.ActiveCfg = Debug|Any CPU
		{7271D8BF-B875-4D48-B0A1-50794B5963EF}.Debug|x64.Build.0 = Debug|Any CPU
		{7271D8BF-B875-4D48-B0A1-50794B5963EF}.Debug|x86.ActiveCfg = Debug|Any CPU
		{7271D8BF-B875-4D48-B0A1-50794B5963EF}.Debug|x86.Build.0 = Debug|Any CPU
		{7271D8BF-B875-4D48-B0A1-50794B5963EF}.Release|Any CPU.ActiveCfg = Release|Any CPU
		{7271D8BF-B875-4D48-B0A1-50794B5963EF}.Release|Any CPU.Build.0 = Release|Any CPU
		{7271D8BF-B875-4D48-B0A1-50794B5963EF}.Release|x64.ActiveCfg = Release|Any CPU
		{7271D8BF-B875-4D48-B0A1-50794B5963EF}.Release|x64.Build.0 = Release|Any CPU
		{7271D8BF-B875-4D48-B0A1-50794B5963EF}.Release|x86.ActiveCfg = Release|Any CPU
		{7271D8BF-B875-4D48-B0A1-50794B5963EF}.Release|x86.Build.0 = Release|Any CPU
		{FC5FB5DE-F639-40DA-A5C8-C87CAE3495C3}.Debug|Any CPU.ActiveCfg = Debug|Any CPU
		{FC5FB5DE-F639-40DA-A5C8-C87CAE3495C3}.Debug|Any CPU.Build.0 = Debug|Any CPU
		{FC5FB5DE-F639-40DA-A5C8-C87CAE3495C3}.Debug|x64.ActiveCfg = Debug|Any CPU
		{FC5FB5DE-F639-40DA-A5C8-C87CAE3495C3}.Debug|x64.Build.0 = Debug|Any CPU
		{FC5FB5DE-F639-40DA-A5C8-C87CAE3495C3}.Debug|x86.ActiveCfg = Debug|Any CPU
		{FC5FB5DE-F639-40DA-A5C8-C87CAE3495C3}.Debug|x86.Build.0 = Debug|Any CPU
		{FC5FB5DE-F639-40DA-A5C8-C87CAE3495C3}.Release|Any CPU.ActiveCfg = Release|Any CPU
		{FC5FB5DE-F639-40DA-A5C8-C87CAE3495C3}.Release|Any CPU.Build.0 = Release|Any CPU
		{FC5FB5DE-F639-40DA-A5C8-C87CAE3495C3}.Release|x64.ActiveCfg = Release|Any CPU
		{FC5FB5DE-F639-40DA-A5C8-C87CAE3495C3}.Release|x64.Build.0 = Release|Any CPU
		{FC5FB5DE-F639-40DA-A5C8-C87CAE3495C3}.Release|x86.ActiveCfg = Release|Any CPU
		{FC5FB5DE-F639-40DA-A5C8-C87CAE3495C3}.Release|x86.Build.0 = Release|Any CPU
	EndGlobalSection
EndGlobal
